// !$*UTF8*$!
{
	archiveVersion = 1;
	classes = {
	};
	objectVersion = 46;
	objects = {

/* Begin PBXBuildFile section */
		D58777ED1CE4230600A15924 /* AppDelegate.swift in Sources */ = {isa = PBXBuildFile; fileRef = D58777EC1CE4230600A15924 /* AppDelegate.swift */; };
		D58777EF1CE4230600A15924 /* ViewController.swift in Sources */ = {isa = PBXBuildFile; fileRef = D58777EE1CE4230600A15924 /* ViewController.swift */; };
		D58777F21CE4230600A15924 /* Main.storyboard in Resources */ = {isa = PBXBuildFile; fileRef = D58777F01CE4230600A15924 /* Main.storyboard */; };
		D58777F41CE4230600A15924 /* Assets.xcassets in Resources */ = {isa = PBXBuildFile; fileRef = D58777F31CE4230600A15924 /* Assets.xcassets */; };
		D58777F71CE4230600A15924 /* LaunchScreen.storyboard in Resources */ = {isa = PBXBuildFile; fileRef = D58777F51CE4230600A15924 /* LaunchScreen.storyboard */; };
		D58778021CE4230600A15924 /* PopLaxTests.swift in Sources */ = {isa = PBXBuildFile; fileRef = D58778011CE4230600A15924 /* PopLaxTests.swift */; };
		D587780D1CE4230600A15924 /* PopLaxUITests.swift in Sources */ = {isa = PBXBuildFile; fileRef = D587780C1CE4230600A15924 /* PopLaxUITests.swift */; };
/* End PBXBuildFile section */

/* Begin PBXContainerItemProxy section */
		D58777FE1CE4230600A15924 /* PBXContainerItemProxy */ = {
			isa = PBXContainerItemProxy;
			containerPortal = D58777E11CE4230500A15924 /* Project object */;
			proxyType = 1;
			remoteGlobalIDString = D58777E81CE4230600A15924;
			remoteInfo = PopLax;
		};
		D58778091CE4230600A15924 /* PBXContainerItemProxy */ = {
			isa = PBXContainerItemProxy;
			containerPortal = D58777E11CE4230500A15924 /* Project object */;
			proxyType = 1;
			remoteGlobalIDString = D58777E81CE4230600A15924;
			remoteInfo = PopLax;
		};
/* End PBXContainerItemProxy section */

/* Begin PBXFileReference section */
		D58777E91CE4230600A15924 /* PopLax.app */ = {isa = PBXFileReference; explicitFileType = wrapper.application; includeInIndex = 0; path = PopLax.app; sourceTree = BUILT_PRODUCTS_DIR; };
		D58777EC1CE4230600A15924 /* AppDelegate.swift */ = {isa = PBXFileReference; lastKnownFileType = sourcecode.swift; path = AppDelegate.swift; sourceTree = "<group>"; };
		D58777EE1CE4230600A15924 /* ViewController.swift */ = {isa = PBXFileReference; lastKnownFileType = sourcecode.swift; path = ViewController.swift; sourceTree = "<group>"; };
		D58777F11CE4230600A15924 /* Base */ = {isa = PBXFileReference; lastKnownFileType = file.storyboard; name = Base; path = Base.lproj/Main.storyboard; sourceTree = "<group>"; };
		D58777F31CE4230600A15924 /* Assets.xcassets */ = {isa = PBXFileReference; lastKnownFileType = folder.assetcatalog; path = Assets.xcassets; sourceTree = "<group>"; };
		D58777F61CE4230600A15924 /* Base */ = {isa = PBXFileReference; lastKnownFileType = file.storyboard; name = Base; path = Base.lproj/LaunchScreen.storyboard; sourceTree = "<group>"; };
		D58777F81CE4230600A15924 /* Info.plist */ = {isa = PBXFileReference; lastKnownFileType = text.plist.xml; path = Info.plist; sourceTree = "<group>"; };
		D58777FD1CE4230600A15924 /* PopLaxTests.xctest */ = {isa = PBXFileReference; explicitFileType = wrapper.cfbundle; includeInIndex = 0; path = PopLaxTests.xctest; sourceTree = BUILT_PRODUCTS_DIR; };
		D58778011CE4230600A15924 /* PopLaxTests.swift */ = {isa = PBXFileReference; lastKnownFileType = sourcecode.swift; path = PopLaxTests.swift; sourceTree = "<group>"; };
		D58778031CE4230600A15924 /* Info.plist */ = {isa = PBXFileReference; lastKnownFileType = text.plist.xml; path = Info.plist; sourceTree = "<group>"; };
		D58778081CE4230600A15924 /* PopLaxUITests.xctest */ = {isa = PBXFileReference; explicitFileType = wrapper.cfbundle; includeInIndex = 0; path = PopLaxUITests.xctest; sourceTree = BUILT_PRODUCTS_DIR; };
		D587780C1CE4230600A15924 /* PopLaxUITests.swift */ = {isa = PBXFileReference; lastKnownFileType = sourcecode.swift; path = PopLaxUITests.swift; sourceTree = "<group>"; };
		D587780E1CE4230600A15924 /* Info.plist */ = {isa = PBXFileReference; lastKnownFileType = text.plist.xml; path = Info.plist; sourceTree = "<group>"; };
/* End PBXFileReference section */

/* Begin PBXFrameworksBuildPhase section */
		D58777E61CE4230600A15924 /* Frameworks */ = {
			isa = PBXFrameworksBuildPhase;
			buildActionMask = 2147483647;
			files = (
			);
			runOnlyForDeploymentPostprocessing = 0;
		};
		D58777FA1CE4230600A15924 /* Frameworks */ = {
			isa = PBXFrameworksBuildPhase;
			buildActionMask = 2147483647;
			files = (
			);
			runOnlyForDeploymentPostprocessing = 0;
		};
		D58778051CE4230600A15924 /* Frameworks */ = {
			isa = PBXFrameworksBuildPhase;
			buildActionMask = 2147483647;
			files = (
			);
			runOnlyForDeploymentPostprocessing = 0;
		};
/* End PBXFrameworksBuildPhase section */

/* Begin PBXGroup section */
		D58777E01CE4230500A15924 = {
			isa = PBXGroup;
			children = (
				D58777EB1CE4230600A15924 /* PopLax */,
				D58778001CE4230600A15924 /* PopLaxTests */,
				D587780B1CE4230600A15924 /* PopLaxUITests */,
				D58777EA1CE4230600A15924 /* Products */,
			);
			sourceTree = "<group>";
		};
		D58777EA1CE4230600A15924 /* Products */ = {
			isa = PBXGroup;
			children = (
				D58777E91CE4230600A15924 /* PopLax.app */,
				D58777FD1CE4230600A15924 /* PopLaxTests.xctest */,
				D58778081CE4230600A15924 /* PopLaxUITests.xctest */,
			);
			name = Products;
			sourceTree = "<group>";
		};
		D58777EB1CE4230600A15924 /* PopLax */ = {
			isa = PBXGroup;
			children = (
				D58777EC1CE4230600A15924 /* AppDelegate.swift */,
				D58777EE1CE4230600A15924 /* ViewController.swift */,
				D58777F01CE4230600A15924 /* Main.storyboard */,
				D58777F31CE4230600A15924 /* Assets.xcassets */,
				D58777F51CE4230600A15924 /* LaunchScreen.storyboard */,
				D58777F81CE4230600A15924 /* Info.plist */,
			);
			path = PopLax;
			sourceTree = "<group>";
		};
		D58778001CE4230600A15924 /* PopLaxTests */ = {
			isa = PBXGroup;
			children = (
				D58778011CE4230600A15924 /* PopLaxTests.swift */,
				D58778031CE4230600A15924 /* Info.plist */,
			);
			path = PopLaxTests;
			sourceTree = "<group>";
		};
		D587780B1CE4230600A15924 /* PopLaxUITests */ = {
			isa = PBXGroup;
			children = (
				D587780C1CE4230600A15924 /* PopLaxUITests.swift */,
				D587780E1CE4230600A15924 /* Info.plist */,
			);
			path = PopLaxUITests;
			sourceTree = "<group>";
		};
/* End PBXGroup section */

/* Begin PBXNativeTarget section */
		D58777E81CE4230600A15924 /* PopLax */ = {
			isa = PBXNativeTarget;
			buildConfigurationList = D58778111CE4230600A15924 /* Build configuration list for PBXNativeTarget "PopLax" */;
			buildPhases = (
				D58777E51CE4230600A15924 /* Sources */,
				D58777E61CE4230600A15924 /* Frameworks */,
				D58777E71CE4230600A15924 /* Resources */,
			);
			buildRules = (
			);
			dependencies = (
			);
			name = PopLax;
			productName = PopLax;
			productReference = D58777E91CE4230600A15924 /* PopLax.app */;
			productType = "com.apple.product-type.application";
		};
		D58777FC1CE4230600A15924 /* PopLaxTests */ = {
			isa = PBXNativeTarget;
			buildConfigurationList = D58778141CE4230600A15924 /* Build configuration list for PBXNativeTarget "PopLaxTests" */;
			buildPhases = (
				D58777F91CE4230600A15924 /* Sources */,
				D58777FA1CE4230600A15924 /* Frameworks */,
				D58777FB1CE4230600A15924 /* Resources */,
			);
			buildRules = (
			);
			dependencies = (
				D58777FF1CE4230600A15924 /* PBXTargetDependency */,
			);
			name = PopLaxTests;
			productName = PopLaxTests;
			productReference = D58777FD1CE4230600A15924 /* PopLaxTests.xctest */;
			productType = "com.apple.product-type.bundle.unit-test";
		};
		D58778071CE4230600A15924 /* PopLaxUITests */ = {
			isa = PBXNativeTarget;
			buildConfigurationList = D58778171CE4230600A15924 /* Build configuration list for PBXNativeTarget "PopLaxUITests" */;
			buildPhases = (
				D58778041CE4230600A15924 /* Sources */,
				D58778051CE4230600A15924 /* Frameworks */,
				D58778061CE4230600A15924 /* Resources */,
			);
			buildRules = (
			);
			dependencies = (
				D587780A1CE4230600A15924 /* PBXTargetDependency */,
			);
			name = PopLaxUITests;
			productName = PopLaxUITests;
			productReference = D58778081CE4230600A15924 /* PopLaxUITests.xctest */;
			productType = "com.apple.product-type.bundle.ui-testing";
		};
/* End PBXNativeTarget section */

/* Begin PBXProject section */
		D58777E11CE4230500A15924 /* Project object */ = {
			isa = PBXProject;
			attributes = {
				LastSwiftUpdateCheck = 0730;
				LastUpgradeCheck = 0730;
				ORGANIZATIONNAME = ByStudio;
				TargetAttributes = {
					D58777E81CE4230600A15924 = {
						CreatedOnToolsVersion = 7.3.1;
					};
					D58777FC1CE4230600A15924 = {
						CreatedOnToolsVersion = 7.3.1;
						TestTargetID = D58777E81CE4230600A15924;
					};
					D58778071CE4230600A15924 = {
						CreatedOnToolsVersion = 7.3.1;
						TestTargetID = D58777E81CE4230600A15924;
					};
				};
			};
			buildConfigurationList = D58777E41CE4230500A15924 /* Build configuration list for PBXProject "PopLax" */;
			compatibilityVersion = "Xcode 3.2";
			developmentRegion = English;
			hasScannedForEncodings = 0;
			knownRegions = (
				en,
				Base,
			);
			mainGroup = D58777E01CE4230500A15924;
			productRefGroup = D58777EA1CE4230600A15924 /* Products */;
			projectDirPath = "";
			projectRoot = "";
			targets = (
				D58777E81CE4230600A15924 /* PopLax */,
				D58777FC1CE4230600A15924 /* PopLaxTests */,
				D58778071CE4230600A15924 /* PopLaxUITests */,
			);
		};
/* End PBXProject section */

/* Begin PBXResourcesBuildPhase section */
		D58777E71CE4230600A15924 /* Resources */ = {
			isa = PBXResourcesBuildPhase;
			buildActionMask = 2147483647;
			files = (
				D58777F71CE4230600A15924 /* LaunchScreen.storyboard in Resources */,
				D58777F41CE4230600A15924 /* Assets.xcassets in Resources */,
				D58777F21CE4230600A15924 /* Main.storyboard in Resources */,
			);
			runOnlyForDeploymentPostprocessing = 0;
		};
		D58777FB1CE4230600A15924 /* Resources */ = {
			isa = PBXResourcesBuildPhase;
			buildActionMask = 2147483647;
			files = (
			);
			runOnlyForDeploymentPostprocessing = 0;
		};
		D58778061CE4230600A15924 /* Resources */ = {
			isa = PBXResourcesBuildPhase;
			buildActionMask = 2147483647;
			files = (
			);
			runOnlyForDeploymentPostprocessing = 0;
		};
/* End PBXResourcesBuildPhase section */

/* Begin PBXSourcesBuildPhase section */
		D58777E51CE4230600A15924 /* Sources */ = {
			isa = PBXSourcesBuildPhase;
			buildActionMask = 2147483647;
			files = (
				D58777EF1CE4230600A15924 /* ViewController.swift in Sources */,
				D58777ED1CE4230600A15924 /* AppDelegate.swift in Sources */,
			);
			runOnlyForDeploymentPostprocessing = 0;
		};
		D58777F91CE4230600A15924 /* Sources */ = {
			isa = PBXSourcesBuildPhase;
			buildActionMask = 2147483647;
			files = (
				D58778021CE4230600A15924 /* PopLaxTests.swift in Sources */,
			);
			runOnlyForDeploymentPostprocessing = 0;
		};
		D58778041CE4230600A15924 /* Sources */ = {
			isa = PBXSourcesBuildPhase;
			buildActionMask = 2147483647;
			files = (
				D587780D1CE4230600A15924 /* PopLaxUITests.swift in Sources */,
			);
			runOnlyForDeploymentPostprocessing = 0;
		};
/* End PBXSourcesBuildPhase section */

/* Begin PBXTargetDependency section */
		D58777FF1CE4230600A15924 /* PBXTargetDependency */ = {
			isa = PBXTargetDependency;
			target = D58777E81CE4230600A15924 /* PopLax */;
			targetProxy = D58777FE1CE4230600A15924 /* PBXContainerItemProxy */;
		};
		D587780A1CE4230600A15924 /* PBXTargetDependency */ = {
			isa = PBXTargetDependency;
			target = D58777E81CE4230600A15924 /* PopLax */;
			targetProxy = D58778091CE4230600A15924 /* PBXContainerItemProxy */;
		};
/* End PBXTargetDependency section */

/* Begin PBXVariantGroup section */
		D58777F01CE4230600A15924 /* Main.storyboard */ = {
			isa = PBXVariantGroup;
			children = (
				D58777F11CE4230600A15924 /* Base */,
			);
			name = Main.storyboard;
			sourceTree = "<group>";
		};
		D58777F51CE4230600A15924 /* LaunchScreen.storyboard */ = {
			isa = PBXVariantGroup;
			children = (
				D58777F61CE4230600A15924 /* Base */,
			);
			name = LaunchScreen.storyboard;
			sourceTree = "<group>";
		};
/* End PBXVariantGroup section */

/* Begin XCBuildConfiguration section */
		D587780F1CE4230600A15924 /* Debug */ = {
			isa = XCBuildConfiguration;
			buildSettings = {
				ALWAYS_SEARCH_USER_PATHS = NO;
				CLANG_ANALYZER_NONNULL = YES;
				CLANG_CXX_LANGUAGE_STANDARD = "gnu++0x";
				CLANG_CXX_LIBRARY = "libc++";
				CLANG_ENABLE_MODULES = YES;
				CLANG_ENABLE_OBJC_ARC = YES;
				CLANG_WARN_BOOL_CONVERSION = YES;
				CLANG_WARN_CONSTANT_CONVERSION = YES;
				CLANG_WARN_DIRECT_OBJC_ISA_USAGE = YES_ERROR;
				CLANG_WARN_EMPTY_BODY = YES;
				CLANG_WARN_ENUM_CONVERSION = YES;
				CLANG_WARN_INT_CONVERSION = YES;
				CLANG_WARN_OBJC_ROOT_CLASS = YES_ERROR;
				CLANG_WARN_UNREACHABLE_CODE = YES;
				CLANG_WARN__DUPLICATE_METHOD_MATCH = YES;
				"CODE_SIGN_IDENTITY[sdk=iphoneos*]" = "iPhone Developer";
				COPY_PHASE_STRIP = NO;
				DEBUG_INFORMATION_FORMAT = dwarf;
				ENABLE_STRICT_OBJC_MSGSEND = YES;
				ENABLE_TESTABILITY = YES;
				GCC_C_LANGUAGE_STANDARD = gnu99;
				GCC_DYNAMIC_NO_PIC = NO;
				GCC_NO_COMMON_BLOCKS = YES;
				GCC_OPTIMIZATION_LEVEL = 0;
				GCC_PREPROCESSOR_DEFINITIONS = (
					"DEBUG=1",
					"$(inherited)",
				);
				GCC_WARN_64_TO_32_BIT_CONVERSION = YES;
				GCC_WARN_ABOUT_RETURN_TYPE = YES_ERROR;
				GCC_WARN_UNDECLARED_SELECTOR = YES;
				GCC_WARN_UNINITIALIZED_AUTOS = YES_AGGRESSIVE;
				GCC_WARN_UNUSED_FUNCTION = YES;
				GCC_WARN_UNUSED_VARIABLE = YES;
				IPHONEOS_DEPLOYMENT_TARGET = 9.3;
				MTL_ENABLE_DEBUG_INFO = YES;
				ONLY_ACTIVE_ARCH = YES;
				SDKROOT = iphoneos;
				SWIFT_OPTIMIZATION_LEVEL = "-Onone";
			};
			name = Debug;
		};
		D58778101CE4230600A15924 /* Release */ = {
			isa = XCBuildConfiguration;
			buildSettings = {
				ALWAYS_SEARCH_USER_PATHS = NO;
				CLANG_ANALYZER_NONNULL = YES;
				CLANG_CXX_LANGUAGE_STANDARD = "gnu++0x";
				CLANG_CXX_LIBRARY = "libc++";
				CLANG_ENABLE_MODULES = YES;
				CLANG_ENABLE_OBJC_ARC = YES;
				CLANG_WARN_BOOL_CONVERSION = YES;
				CLANG_WARN_CONSTANT_CONVERSION = YES;
				CLANG_WARN_DIRECT_OBJC_ISA_USAGE = YES_ERROR;
				CLANG_WARN_EMPTY_BODY = YES;
				CLANG_WARN_ENUM_CONVERSION = YES;
				CLANG_WARN_INT_CONVERSION = YES;
				CLANG_WARN_OBJC_ROOT_CLASS = YES_ERROR;
				CLANG_WARN_UNREACHABLE_CODE = YES;
				CLANG_WARN__DUPLICATE_METHOD_MATCH = YES;
				"CODE_SIGN_IDENTITY[sdk=iphoneos*]" = "iPhone Developer";
				COPY_PHASE_STRIP = NO;
				DEBUG_INFORMATION_FORMAT = "dwarf-with-dsym";
				ENABLE_NS_ASSERTIONS = NO;
				ENABLE_STRICT_OBJC_MSGSEND = YES;
				GCC_C_LANGUAGE_STANDARD = gnu99;
				GCC_NO_COMMON_BLOCKS = YES;
				GCC_WARN_64_TO_32_BIT_CONVERSION = YES;
				GCC_WARN_ABOUT_RETURN_TYPE = YES_ERROR;
				GCC_WARN_UNDECLARED_SELECTOR = YES;
				GCC_WARN_UNINITIALIZED_AUTOS = YES_AGGRESSIVE;
				GCC_WARN_UNUSED_FUNCTION = YES;
				GCC_WARN_UNUSED_VARIABLE = YES;
				IPHONEOS_DEPLOYMENT_TARGET = 9.3;
				MTL_ENABLE_DEBUG_INFO = NO;
				SDKROOT = iphoneos;
				VALIDATE_PRODUCT = YES;
			};
			name = Release;
		};
		D58778121CE4230600A15924 /* Debug */ = {
			isa = XCBuildConfiguration;
			buildSettings = {
				ASSETCATALOG_COMPILER_APPICON_NAME = AppIcon;
				INFOPLIST_FILE = PopLax/Info.plist;
				LD_RUNPATH_SEARCH_PATHS = "$(inherited) @executable_path/Frameworks";
				PRODUCT_BUNDLE_IDENTIFIER = BS.PopLax;
				PRODUCT_NAME = "$(TARGET_NAME)";
			};
			name = Debug;
		};
		D58778131CE4230600A15924 /* Release */ = {
			isa = XCBuildConfiguration;
			buildSettings = {
				ASSETCATALOG_COMPILER_APPICON_NAME = AppIcon;
				INFOPLIST_FILE = PopLax/Info.plist;
				LD_RUNPATH_SEARCH_PATHS = "$(inherited) @executable_path/Frameworks";
				PRODUCT_BUNDLE_IDENTIFIER = BS.PopLax;
				PRODUCT_NAME = "$(TARGET_NAME)";
			};
			name = Release;
		};
		D58778151CE4230600A15924 /* Debug */ = {
			isa = XCBuildConfiguration;
			buildSettings = {
				BUNDLE_LOADER = "$(TEST_HOST)";
				INFOPLIST_FILE = PopLaxTests/Info.plist;
				LD_RUNPATH_SEARCH_PATHS = "$(inherited) @executable_path/Frameworks @loader_path/Frameworks";
				PRODUCT_BUNDLE_IDENTIFIER = BS.PopLaxTests;
				PRODUCT_NAME = "$(TARGET_NAME)";
				TEST_HOST = "$(BUILT_PRODUCTS_DIR)/PopLax.app/PopLax";
			};
			name = Debug;
		};
		D58778161CE4230600A15924 /* Release */ = {
			isa = XCBuildConfiguration;
			buildSettings = {
				BUNDLE_LOADER = "$(TEST_HOST)";
				INFOPLIST_FILE = PopLaxTests/Info.plist;
				LD_RUNPATH_SEARCH_PATHS = "$(inherited) @executable_path/Frameworks @loader_path/Frameworks";
				PRODUCT_BUNDLE_IDENTIFIER = BS.PopLaxTests;
				PRODUCT_NAME = "$(TARGET_NAME)";
				TEST_HOST = "$(BUILT_PRODUCTS_DIR)/PopLax.app/PopLax";
			};
			name = Release;
		};
		D58778181CE4230600A15924 /* Debug */ = {
			isa = XCBuildConfiguration;
			buildSettings = {
				INFOPLIST_FILE = PopLaxUITests/Info.plist;
				LD_RUNPATH_SEARCH_PATHS = "$(inherited) @executable_path/Frameworks @loader_path/Frameworks";
				PRODUCT_BUNDLE_IDENTIFIER = BS.PopLaxUITests;
				PRODUCT_NAME = "$(TARGET_NAME)";
				TEST_TARGET_NAME = PopLax;
			};
			name = Debug;
		};
		D58778191CE4230600A15924 /* Release */ = {
			isa = XCBuildConfiguration;
			buildSettings = {
				INFOPLIST_FILE = PopLaxUITests/Info.plist;
				LD_RUNPATH_SEARCH_PATHS = "$(inherited) @executable_path/Frameworks @loader_path/Frameworks";
				PRODUCT_BUNDLE_IDENTIFIER = BS.PopLaxUITests;
				PRODUCT_NAME = "$(TARGET_NAME)";
				TEST_TARGET_NAME = PopLax;
			};
			name = Release;
		};
/* End XCBuildConfiguration section */

/* Begin XCConfigurationList section */
		D58777E41CE4230500A15924 /* Build configuration list for PBXProject "PopLax" */ = {
			isa = XCConfigurationList;
			buildConfigurations = (
				D587780F1CE4230600A15924 /* Debug */,
				D58778101CE4230600A15924 /* Release */,
			);
			defaultConfigurationIsVisible = 0;
			defaultConfigurationName = Release;
		};
		D58778111CE4230600A15924 /* Build configuration list for PBXNativeTarget "PopLax" */ = {
			isa = XCConfigurationList;
			buildConfigurations = (
				D58778121CE4230600A15924 /* Debug */,
				D58778131CE4230600A15924 /* Release */,
			);
			defaultConfigurationIsVisible = 0;
		};
		D58778141CE4230600A15924 /* Build configuration list for PBXNativeTarget "PopLaxTests" */ = {
			isa = XCConfigurationList;
			buildConfigurations = (
				D58778151CE4230600A15924 /* Debug */,
				D58778161CE4230600A15924 /* Release */,
			);
			defaultConfigurationIsVisible = 0;
		};
		D58778171CE4230600A15924 /* Build configuration list for PBXNativeTarget "PopLaxUITests" */ = {
			isa = XCConfigurationList;
			buildConfigurations = (
				D58778181CE4230600A15924 /* Debug */,
				D58778191CE4230600A15924 /* Release */,
			);
			defaultConfigurationIsVisible = 0;
		};
/* End XCConfigurationList section */
	};
	rootObject = D58777E11CE4230500A15924 /* Project object */;
}
